
Microsoft Visual Studio Solution File, Format Version 12.00
# Visual Studio 15
VisualStudioVersion = 15.0.28307.1525
MinimumVisualStudioVersion = 10.0.40219.1
Project("{FAE04EC0-301F-11D3-BF4B-00C04F79EFBC}") = "Web_Task_New", "Web_Task_New\Web_Task_New.csproj", "{D55D3E47-DB0E-4832-9600-680BCA8B31F1}"
EndProject
Global
	GlobalSection(SolutionConfigurationPlatforms) = preSolution
		Debug|Any CPU = Debug|Any CPU
		Release|Any CPU = Release|Any CPU
	EndGlobalSection
	GlobalSection(ProjectConfigurationPlatforms) = postSolution
		{D55D3E47-DB0E-4832-9600-680BCA8B31F1}.Debug|Any CPU.ActiveCfg = Debug|Any CPU
		{D55D3E47-DB0E-4832-9600-680BCA8B31F1}.Debug|Any CPU.Build.0 = Debug|Any CPU
		{D55D3E47-DB0E-4832-9600-680BCA8B31F1}.Release|Any CPU.ActiveCfg = Release|Any CPU
		{D55D3E47-DB0E-4832-9600-680BCA8B31F1}.Release|Any CPU.Build.0 = Release|Any CPU
	EndGlobalSection
	GlobalSection(SolutionProperties) = preSolution
		HideSolutionNode = FALSE
	EndGlobalSection
	GlobalSection(ExtensibilityGlobals) = postSolution
		SolutionGuid = {96F39938-D672-411E-ABC1-05E248719ED9}
	EndGlobalSection
EndGlobal
